
Microsoft Visual Studio Solution File, Format Version 12.00
# Visual Studio Version 17
VisualStudioVersion = 17.3.32804.467
MinimumVisualStudioVersion = 10.0.40219.1
Project("{9A19103F-16F7-4668-BE54-9A1E7A4F7556}") = "CodeLandBank", "TestApp\CodeLandBank.csproj", "{6B4BFB1F-8BAB-4790-8233-89F6E2FBF34D}"
EndProject
Global
	GlobalSection(SolutionConfigurationPlatforms) = preSolution
		Debug|Any CPU = Debug|Any CPU
		Release|Any CPU = Release|Any CPU
	EndGlobalSection
	GlobalSection(ProjectConfigurationPlatforms) = postSolution
		{6B4BFB1F-8BAB-4790-8233-89F6E2FBF34D}.Debug|Any CPU.ActiveCfg = Debug|Any CPU
		{6B4BFB1F-8BAB-4790-8233-89F6E2FBF34D}.Debug|Any CPU.Build.0 = Debug|Any CPU
		{6B4BFB1F-8BAB-4790-8233-89F6E2FBF34D}.Release|Any CPU.ActiveCfg = Release|Any CPU
		{6B4BFB1F-8BAB-4790-8233-89F6E2FBF34D}.Release|Any CPU.Build.0 = Release|Any CPU
	EndGlobalSection
	GlobalSection(SolutionProperties) = preSolution
		HideSolutionNode = FALSE
	EndGlobalSection
	GlobalSection(ExtensibilityGlobals) = postSolution
		SolutionGuid = {D1519B6A-3F88-4F83-84CA-5F266060D902}
	EndGlobalSection
EndGlobal
